// !$*UTF8*$!
{
	archiveVersion = 1;
	classes = {
	};
	objectVersion = 46;
	objects = {

/* Begin PBXBuildFile section */
		C7CE1058407149B99876442E /* libPods-CustomAlert.a in Frameworks */ = {isa = PBXBuildFile; fileRef = 23A3F443467A4A99A14B9F2B /* libPods-CustomAlert.a */; };
		CABEFD6218E22E2F000A8B1E /* Foundation.framework in Frameworks */ = {isa = PBXBuildFile; fileRef = CABEFD6118E22E2F000A8B1E /* Foundation.framework */; };
		CABEFD6418E22E2F000A8B1E /* CoreGraphics.framework in Frameworks */ = {isa = PBXBuildFile; fileRef = CABEFD6318E22E2F000A8B1E /* CoreGraphics.framework */; };
		CABEFD6618E22E2F000A8B1E /* UIKit.framework in Frameworks */ = {isa = PBXBuildFile; fileRef = CABEFD6518E22E2F000A8B1E /* UIKit.framework */; };
		CABEFD6C18E22E2F000A8B1E /* InfoPlist.strings in Resources */ = {isa = PBXBuildFile; fileRef = CABEFD6A18E22E2F000A8B1E /* InfoPlist.strings */; };
		CABEFD6E18E22E2F000A8B1E /* main.m in Sources */ = {isa = PBXBuildFile; fileRef = CABEFD6D18E22E2F000A8B1E /* main.m */; };
		CABEFD7218E22E2F000A8B1E /* AppDelegate.m in Sources */ = {isa = PBXBuildFile; fileRef = CABEFD7118E22E2F000A8B1E /* AppDelegate.m */; };
		CABEFD7518E22E2F000A8B1E /* Main.storyboard in Resources */ = {isa = PBXBuildFile; fileRef = CABEFD7318E22E2F000A8B1E /* Main.storyboard */; };
		CABEFD7818E22E2F000A8B1E /* ViewController.m in Sources */ = {isa = PBXBuildFile; fileRef = CABEFD7718E22E2F000A8B1E /* ViewController.m */; };
		CABEFD7A18E22E2F000A8B1E /* Images.xcassets in Resources */ = {isa = PBXBuildFile; fileRef = CABEFD7918E22E2F000A8B1E /* Images.xcassets */; };
		CABEFD8118E22E2F000A8B1E /* XCTest.framework in Frameworks */ = {isa = PBXBuildFile; fileRef = CABEFD8018E22E2F000A8B1E /* XCTest.framework */; };
		CABEFD8218E22E2F000A8B1E /* Foundation.framework in Frameworks */ = {isa = PBXBuildFile; fileRef = CABEFD6118E22E2F000A8B1E /* Foundation.framework */; };
		CABEFD8318E22E2F000A8B1E /* UIKit.framework in Frameworks */ = {isa = PBXBuildFile; fileRef = CABEFD6518E22E2F000A8B1E /* UIKit.framework */; };
		CABEFD8B18E22E2F000A8B1E /* InfoPlist.strings in Resources */ = {isa = PBXBuildFile; fileRef = CABEFD8918E22E2F000A8B1E /* InfoPlist.strings */; };
		CABEFD8D18E22E2F000A8B1E /* CustomAlertTests.m in Sources */ = {isa = PBXBuildFile; fileRef = CABEFD8C18E22E2F000A8B1E /* CustomAlertTests.m */; };
		CABEFD9B18E242BF000A8B1E /* AlertViewController.m in Sources */ = {isa = PBXBuildFile; fileRef = CABEFD9A18E242BF000A8B1E /* AlertViewController.m */; };
/* End PBXBuildFile section */

/* Begin PBXContainerItemProxy section */
		CABEFD8418E22E2F000A8B1E /* PBXContainerItemProxy */ = {
			isa = PBXContainerItemProxy;
			containerPortal = CABEFD5618E22E2F000A8B1E /* Project object */;
			proxyType = 1;
			remoteGlobalIDString = CABEFD5D18E22E2F000A8B1E;
			remoteInfo = CustomAlert;
		};
/* End PBXContainerItemProxy section */

/* Begin PBXFileReference section */
		23A3F443467A4A99A14B9F2B /* libPods-CustomAlert.a */ = {isa = PBXFileReference; explicitFileType = archive.ar; includeInIndex = 0; path = "libPods-CustomAlert.a"; sourceTree = BUILT_PRODUCTS_DIR; };
		C797DE249E6D4524991CE9E4 /* Pods-CustomAlert.xcconfig */ = {isa = PBXFileReference; includeInIndex = 1; lastKnownFileType = text.xcconfig; name = "Pods-CustomAlert.xcconfig"; path = "Pods/Pods-CustomAlert.xcconfig"; sourceTree = "<group>"; };
		CABEFD5E18E22E2F000A8B1E /* CustomAlert.app */ = {isa = PBXFileReference; explicitFileType = wrapper.application; includeInIndex = 0; path = CustomAlert.app; sourceTree = BUILT_PRODUCTS_DIR; };
		CABEFD6118E22E2F000A8B1E /* Foundation.framework */ = {isa = PBXFileReference; lastKnownFileType = wrapper.framework; name = Foundation.framework; path = System/Library/Frameworks/Foundation.framework; sourceTree = SDKROOT; };
		CABEFD6318E22E2F000A8B1E /* CoreGraphics.framework */ = {isa = PBXFileReference; lastKnownFileType = wrapper.framework; name = CoreGraphics.framework; path = System/Library/Frameworks/CoreGraphics.framework; sourceTree = SDKROOT; };
		CABEFD6518E22E2F000A8B1E /* UIKit.framework */ = {isa = PBXFileReference; lastKnownFileType = wrapper.framework; name = UIKit.framework; path = System/Library/Frameworks/UIKit.framework; sourceTree = SDKROOT; };
		CABEFD6918E22E2F000A8B1E /* CustomAlert-Info.plist */ = {isa = PBXFileReference; lastKnownFileType = text.plist.xml; path = "CustomAlert-Info.plist"; sourceTree = "<group>"; };
		CABEFD6B18E22E2F000A8B1E /* en */ = {isa = PBXFileReference; lastKnownFileType = text.plist.strings; name = en; path = en.lproj/InfoPlist.strings; sourceTree = "<group>"; };
		CABEFD6D18E22E2F000A8B1E /* main.m */ = {isa = PBXFileReference; lastKnownFileType = sourcecode.c.objc; path = main.m; sourceTree = "<group>"; };
		CABEFD6F18E22E2F000A8B1E /* CustomAlert-Prefix.pch */ = {isa = PBXFileReference; lastKnownFileType = sourcecode.c.h; path = "CustomAlert-Prefix.pch"; sourceTree = "<group>"; };
		CABEFD7018E22E2F000A8B1E /* AppDelegate.h */ = {isa = PBXFileReference; lastKnownFileType = sourcecode.c.h; path = AppDelegate.h; sourceTree = "<group>"; };
		CABEFD7118E22E2F000A8B1E /* AppDelegate.m */ = {isa = PBXFileReference; lastKnownFileType = sourcecode.c.objc; path = AppDelegate.m; sourceTree = "<group>"; };
		CABEFD7418E22E2F000A8B1E /* Base */ = {isa = PBXFileReference; lastKnownFileType = file.storyboard; name = Base; path = Base.lproj/Main.storyboard; sourceTree = "<group>"; };
		CABEFD7618E22E2F000A8B1E /* ViewController.h */ = {isa = PBXFileReference; lastKnownFileType = sourcecode.c.h; path = ViewController.h; sourceTree = "<group>"; };
		CABEFD7718E22E2F000A8B1E /* ViewController.m */ = {isa = PBXFileReference; lastKnownFileType = sourcecode.c.objc; path = ViewController.m; sourceTree = "<group>"; };
		CABEFD7918E22E2F000A8B1E /* Images.xcassets */ = {isa = PBXFileReference; lastKnownFileType = folder.assetcatalog; path = Images.xcassets; sourceTree = "<group>"; };
		CABEFD7F18E22E2F000A8B1E /* CustomAlertTests.xctest */ = {isa = PBXFileReference; explicitFileType = wrapper.cfbundle; includeInIndex = 0; path = CustomAlertTests.xctest; sourceTree = BUILT_PRODUCTS_DIR; };
		CABEFD8018E22E2F000A8B1E /* XCTest.framework */ = {isa = PBXFileReference; lastKnownFileType = wrapper.framework; name = XCTest.framework; path = Library/Frameworks/XCTest.framework; sourceTree = DEVELOPER_DIR; };
		CABEFD8818E22E2F000A8B1E /* CustomAlertTests-Info.plist */ = {isa = PBXFileReference; lastKnownFileType = text.plist.xml; path = "CustomAlertTests-Info.plist"; sourceTree = "<group>"; };
		CABEFD8A18E22E2F000A8B1E /* en */ = {isa = PBXFileReference; lastKnownFileType = text.plist.strings; name = en; path = en.lproj/InfoPlist.strings; sourceTree = "<group>"; };
		CABEFD8C18E22E2F000A8B1E /* CustomAlertTests.m */ = {isa = PBXFileReference; lastKnownFileType = sourcecode.c.objc; path = CustomAlertTests.m; sourceTree = "<group>"; };
		CABEFD9918E242BF000A8B1E /* AlertViewController.h */ = {isa = PBXFileReference; fileEncoding = 4; lastKnownFileType = sourcecode.c.h; path = AlertViewController.h; sourceTree = "<group>"; };
		CABEFD9A18E242BF000A8B1E /* AlertViewController.m */ = {isa = PBXFileReference; fileEncoding = 4; lastKnownFileType = sourcecode.c.objc; path = AlertViewController.m; sourceTree = "<group>"; };
/* End PBXFileReference section */

/* Begin PBXFrameworksBuildPhase section */
		CABEFD5B18E22E2F000A8B1E /* Frameworks */ = {
			isa = PBXFrameworksBuildPhase;
			buildActionMask = 2147483647;
			files = (
				CABEFD6418E22E2F000A8B1E /* CoreGraphics.framework in Frameworks */,
				CABEFD6618E22E2F000A8B1E /* UIKit.framework in Frameworks */,
				CABEFD6218E22E2F000A8B1E /* Foundation.framework in Frameworks */,
				C7CE1058407149B99876442E /* libPods-CustomAlert.a in Frameworks */,
			);
			runOnlyForDeploymentPostprocessing = 0;
		};
		CABEFD7C18E22E2F000A8B1E /* Frameworks */ = {
			isa = PBXFrameworksBuildPhase;
			buildActionMask = 2147483647;
			files = (
				CABEFD8118E22E2F000A8B1E /* XCTest.framework in Frameworks */,
				CABEFD8318E22E2F000A8B1E /* UIKit.framework in Frameworks */,
				CABEFD8218E22E2F000A8B1E /* Foundation.framework in Frameworks */,
			);
			runOnlyForDeploymentPostprocessing = 0;
		};
/* End PBXFrameworksBuildPhase section */

/* Begin PBXGroup section */
		CABEFD5518E22E2F000A8B1E = {
			isa = PBXGroup;
			children = (
				CABEFD6718E22E2F000A8B1E /* CustomAlert */,
				CABEFD8618E22E2F000A8B1E /* CustomAlertTests */,
				CABEFD6018E22E2F000A8B1E /* Frameworks */,
				CABEFD5F18E22E2F000A8B1E /* Products */,
				C797DE249E6D4524991CE9E4 /* Pods-CustomAlert.xcconfig */,
			);
			sourceTree = "<group>";
		};
		CABEFD5F18E22E2F000A8B1E /* Products */ = {
			isa = PBXGroup;
			children = (
				CABEFD5E18E22E2F000A8B1E /* CustomAlert.app */,
				CABEFD7F18E22E2F000A8B1E /* CustomAlertTests.xctest */,
			);
			name = Products;
			sourceTree = "<group>";
		};
		CABEFD6018E22E2F000A8B1E /* Frameworks */ = {
			isa = PBXGroup;
			children = (
				CABEFD6118E22E2F000A8B1E /* Foundation.framework */,
				CABEFD6318E22E2F000A8B1E /* CoreGraphics.framework */,
				CABEFD6518E22E2F000A8B1E /* UIKit.framework */,
				CABEFD8018E22E2F000A8B1E /* XCTest.framework */,
				23A3F443467A4A99A14B9F2B /* libPods-CustomAlert.a */,
			);
			name = Frameworks;
			sourceTree = "<group>";
		};
		CABEFD6718E22E2F000A8B1E /* CustomAlert */ = {
			isa = PBXGroup;
			children = (
				CABEFD7018E22E2F000A8B1E /* AppDelegate.h */,
				CABEFD7118E22E2F000A8B1E /* AppDelegate.m */,
				CABEFD7318E22E2F000A8B1E /* Main.storyboard */,
				CABEFD7618E22E2F000A8B1E /* ViewController.h */,
				CABEFD7718E22E2F000A8B1E /* ViewController.m */,
				CABEFD7918E22E2F000A8B1E /* Images.xcassets */,
				CABEFD6818E22E2F000A8B1E /* Supporting Files */,
				CABEFD9918E242BF000A8B1E /* AlertViewController.h */,
				CABEFD9A18E242BF000A8B1E /* AlertViewController.m */,
			);
			path = CustomAlert;
			sourceTree = "<group>";
		};
		CABEFD6818E22E2F000A8B1E /* Supporting Files */ = {
			isa = PBXGroup;
			children = (
				CABEFD6918E22E2F000A8B1E /* CustomAlert-Info.plist */,
				CABEFD6A18E22E2F000A8B1E /* InfoPlist.strings */,
				CABEFD6D18E22E2F000A8B1E /* main.m */,
				CABEFD6F18E22E2F000A8B1E /* CustomAlert-Prefix.pch */,
			);
			name = "Supporting Files";
			sourceTree = "<group>";
		};
		CABEFD8618E22E2F000A8B1E /* CustomAlertTests */ = {
			isa = PBXGroup;
			children = (
				CABEFD8C18E22E2F000A8B1E /* CustomAlertTests.m */,
				CABEFD8718E22E2F000A8B1E /* Supporting Files */,
			);
			path = CustomAlertTests;
			sourceTree = "<group>";
		};
		CABEFD8718E22E2F000A8B1E /* Supporting Files */ = {
			isa = PBXGroup;
			children = (
				CABEFD8818E22E2F000A8B1E /* CustomAlertTests-Info.plist */,
				CABEFD8918E22E2F000A8B1E /* InfoPlist.strings */,
			);
			name = "Supporting Files";
			sourceTree = "<group>";
		};
/* End PBXGroup section */

/* Begin PBXNativeTarget section */
		CABEFD5D18E22E2F000A8B1E /* CustomAlert */ = {
			isa = PBXNativeTarget;
			buildConfigurationList = CABEFD9018E22E2F000A8B1E /* Build configuration list for PBXNativeTarget "CustomAlert" */;
			buildPhases = (
				07B3510941D44F9A9C60C024 /* Check Pods Manifest.lock */,
				CABEFD5A18E22E2F000A8B1E /* Sources */,
				CABEFD5B18E22E2F000A8B1E /* Frameworks */,
				CABEFD5C18E22E2F000A8B1E /* Resources */,
				ACC06689F1C145D9B5D67012 /* Copy Pods Resources */,
			);
			buildRules = (
			);
			dependencies = (
			);
			name = CustomAlert;
			productName = CustomAlert;
			productReference = CABEFD5E18E22E2F000A8B1E /* CustomAlert.app */;
			productType = "com.apple.product-type.application";
		};
		CABEFD7E18E22E2F000A8B1E /* CustomAlertTests */ = {
			isa = PBXNativeTarget;
			buildConfigurationList = CABEFD9318E22E2F000A8B1E /* Build configuration list for PBXNativeTarget "CustomAlertTests" */;
			buildPhases = (
				CABEFD7B18E22E2F000A8B1E /* Sources */,
				CABEFD7C18E22E2F000A8B1E /* Frameworks */,
				CABEFD7D18E22E2F000A8B1E /* Resources */,
			);
			buildRules = (
			);
			dependencies = (
				CABEFD8518E22E2F000A8B1E /* PBXTargetDependency */,
			);
			name = CustomAlertTests;
			productName = CustomAlertTests;
			productReference = CABEFD7F18E22E2F000A8B1E /* CustomAlertTests.xctest */;
			productType = "com.apple.product-type.bundle.unit-test";
		};
/* End PBXNativeTarget section */

/* Begin PBXProject section */
		CABEFD5618E22E2F000A8B1E /* Project object */ = {
			isa = PBXProject;
			attributes = {
				LastUpgradeCheck = 0510;
				ORGANIZATIONNAME = me;
				TargetAttributes = {
					CABEFD7E18E22E2F000A8B1E = {
						TestTargetID = CABEFD5D18E22E2F000A8B1E;
					};
				};
			};
			buildConfigurationList = CABEFD5918E22E2F000A8B1E /* Build configuration list for PBXProject "CustomAlert" */;
			compatibilityVersion = "Xcode 3.2";
			developmentRegion = English;
			hasScannedForEncodings = 0;
			knownRegions = (
				en,
				Base,
			);
			mainGroup = CABEFD5518E22E2F000A8B1E;
			productRefGroup = CABEFD5F18E22E2F000A8B1E /* Products */;
			projectDirPath = "";
			projectRoot = "";
			targets = (
				CABEFD5D18E22E2F000A8B1E /* CustomAlert */,
				CABEFD7E18E22E2F000A8B1E /* CustomAlertTests */,
			);
		};
/* End PBXProject section */

/* Begin PBXResourcesBuildPhase section */
		CABEFD5C18E22E2F000A8B1E /* Resources */ = {
			isa = PBXResourcesBuildPhase;
			buildActionMask = 2147483647;
			files = (
				CABEFD7A18E22E2F000A8B1E /* Images.xcassets in Resources */,
				CABEFD6C18E22E2F000A8B1E /* InfoPlist.strings in Resources */,
				CABEFD7518E22E2F000A8B1E /* Main.storyboard in Resources */,
			);
			runOnlyForDeploymentPostprocessing = 0;
		};
		CABEFD7D18E22E2F000A8B1E /* Resources */ = {
			isa = PBXResourcesBuildPhase;
			buildActionMask = 2147483647;
			files = (
				CABEFD8B18E22E2F000A8B1E /* InfoPlist.strings in Resources */,
			);
			runOnlyForDeploymentPostprocessing = 0;
		};
/* End PBXResourcesBuildPhase section */

/* Begin PBXShellScriptBuildPhase section */
		07B3510941D44F9A9C60C024 /* Check Pods Manifest.lock */ = {
			isa = PBXShellScriptBuildPhase;
			buildActionMask = 2147483647;
			files = (
			);
			inputPaths = (
			);
			name = "Check Pods Manifest.lock";
			outputPaths = (
			);
			runOnlyForDeploymentPostprocessing = 0;
			shellPath = /bin/sh;
			shellScript = "diff \"${PODS_ROOT}/../Podfile.lock\" \"${PODS_ROOT}/Manifest.lock\" > /dev/null\nif [[ $? != 0 ]] ; then\n    cat << EOM\nerror: The sandbox is not in sync with the Podfile.lock. Run 'pod install' or update your CocoaPods installation.\nEOM\n    exit 1\nfi\n";
			showEnvVarsInLog = 0;
		};
		ACC06689F1C145D9B5D67012 /* Copy Pods Resources */ = {
			isa = PBXShellScriptBuildPhase;
			buildActionMask = 2147483647;
			files = (
			);
			inputPaths = (
			);
			name = "Copy Pods Resources";
			outputPaths = (
			);
			runOnlyForDeploymentPostprocessing = 0;
			shellPath = /bin/sh;
			shellScript = "\"${SRCROOT}/Pods/Pods-CustomAlert-resources.sh\"\n";
			showEnvVarsInLog = 0;
		};
/* End PBXShellScriptBuildPhase section */

/* Begin PBXSourcesBuildPhase section */
		CABEFD5A18E22E2F000A8B1E /* Sources */ = {
			isa = PBXSourcesBuildPhase;
			buildActionMask = 2147483647;
			files = (
				CABEFD7818E22E2F000A8B1E /* ViewController.m in Sources */,
				CABEFD9B18E242BF000A8B1E /* AlertViewController.m in Sources */,
				CABEFD7218E22E2F000A8B1E /* AppDelegate.m in Sources */,
				CABEFD6E18E22E2F000A8B1E /* main.m in Sources */,
			);
			runOnlyForDeploymentPostprocessing = 0;
		};
		CABEFD7B18E22E2F000A8B1E /* Sources */ = {
			isa = PBXSourcesBuildPhase;
			buildActionMask = 2147483647;
			files = (
				CABEFD8D18E22E2F000A8B1E /* CustomAlertTests.m in Sources */,
			);
			runOnlyForDeploymentPostprocessing = 0;
		};
/* End PBXSourcesBuildPhase section */

/* Begin PBXTargetDependency section */
		CABEFD8518E22E2F000A8B1E /* PBXTargetDependency */ = {
			isa = PBXTargetDependency;
			target = CABEFD5D18E22E2F000A8B1E /* CustomAlert */;
			targetProxy = CABEFD8418E22E2F000A8B1E /* PBXContainerItemProxy */;
		};
/* End PBXTargetDependency section */

/* Begin PBXVariantGroup section */
		CABEFD6A18E22E2F000A8B1E /* InfoPlist.strings */ = {
			isa = PBXVariantGroup;
			children = (
				CABEFD6B18E22E2F000A8B1E /* en */,
			);
			name = InfoPlist.strings;
			sourceTree = "<group>";
		};
		CABEFD7318E22E2F000A8B1E /* Main.storyboard */ = {
			isa = PBXVariantGroup;
			children = (
				CABEFD7418E22E2F000A8B1E /* Base */,
			);
			name = Main.storyboard;
			sourceTree = "<group>";
		};
		CABEFD8918E22E2F000A8B1E /* InfoPlist.strings */ = {
			isa = PBXVariantGroup;
			children = (
				CABEFD8A18E22E2F000A8B1E /* en */,
			);
			name = InfoPlist.strings;
			sourceTree = "<group>";
		};
/* End PBXVariantGroup section */

/* Begin XCBuildConfiguration section */
		CABEFD8E18E22E2F000A8B1E /* Debug */ = {
			isa = XCBuildConfiguration;
			buildSettings = {
				ALWAYS_SEARCH_USER_PATHS = NO;
				CLANG_CXX_LANGUAGE_STANDARD = "gnu++0x";
				CLANG_CXX_LIBRARY = "libc++";
				CLANG_ENABLE_MODULES = YES;
				CLANG_ENABLE_OBJC_ARC = YES;
				CLANG_WARN_BOOL_CONVERSION = YES;
				CLANG_WARN_CONSTANT_CONVERSION = YES;
				CLANG_WARN_DIRECT_OBJC_ISA_USAGE = YES_ERROR;
				CLANG_WARN_EMPTY_BODY = YES;
				CLANG_WARN_ENUM_CONVERSION = YES;
				CLANG_WARN_INT_CONVERSION = YES;
				CLANG_WARN_OBJC_ROOT_CLASS = YES_ERROR;
				CLANG_WARN__DUPLICATE_METHOD_MATCH = YES;
				"CODE_SIGN_IDENTITY[sdk=iphoneos*]" = "iPhone Developer";
				COPY_PHASE_STRIP = NO;
				GCC_C_LANGUAGE_STANDARD = gnu99;
				GCC_DYNAMIC_NO_PIC = NO;
				GCC_OPTIMIZATION_LEVEL = 0;
				GCC_PREPROCESSOR_DEFINITIONS = (
					"DEBUG=1",
					"$(inherited)",
				);
				GCC_SYMBOLS_PRIVATE_EXTERN = NO;
				GCC_WARN_64_TO_32_BIT_CONVERSION = YES;
				GCC_WARN_ABOUT_RETURN_TYPE = YES_ERROR;
				GCC_WARN_UNDECLARED_SELECTOR = YES;
				GCC_WARN_UNINITIALIZED_AUTOS = YES_AGGRESSIVE;
				GCC_WARN_UNUSED_FUNCTION = YES;
				GCC_WARN_UNUSED_VARIABLE = YES;
				IPHONEOS_DEPLOYMENT_TARGET = 7.1;
				ONLY_ACTIVE_ARCH = YES;
				SDKROOT = iphoneos;
			};
			name = Debug;
		};
		CABEFD8F18E22E2F000A8B1E /* Release */ = {
			isa = XCBuildConfiguration;
			buildSettings = {
				ALWAYS_SEARCH_USER_PATHS = NO;
				CLANG_CXX_LANGUAGE_STANDARD = "gnu++0x";
				CLANG_CXX_LIBRARY = "libc++";
				CLANG_ENABLE_MODULES = YES;
				CLANG_ENABLE_OBJC_ARC = YES;
				CLANG_WARN_BOOL_CONVERSION = YES;
				CLANG_WARN_CONSTANT_CONVERSION = YES;
				CLANG_WARN_DIRECT_OBJC_ISA_USAGE = YES_ERROR;
				CLANG_WARN_EMPTY_BODY = YES;
				CLANG_WARN_ENUM_CONVERSION = YES;
				CLANG_WARN_INT_CONVERSION = YES;
				CLANG_WARN_OBJC_ROOT_CLASS = YES_ERROR;
				CLANG_WARN__DUPLICATE_METHOD_MATCH = YES;
				"CODE_SIGN_IDENTITY[sdk=iphoneos*]" = "iPhone Developer";
				COPY_PHASE_STRIP = YES;
				ENABLE_NS_ASSERTIONS = NO;
				GCC_C_LANGUAGE_STANDARD = gnu99;
				GCC_WARN_64_TO_32_BIT_CONVERSION = YES;
				GCC_WARN_ABOUT_RETURN_TYPE = YES_ERROR;
				GCC_WARN_UNDECLARED_SELECTOR = YES;
				GCC_WARN_UNINITIALIZED_AUTOS = YES_AGGRESSIVE;
				GCC_WARN_UNUSED_FUNCTION = YES;
				GCC_WARN_UNUSED_VARIABLE = YES;
				IPHONEOS_DEPLOYMENT_TARGET = 7.1;
				SDKROOT = iphoneos;
				VALIDATE_PRODUCT = YES;
			};
			name = Release;
		};
		CABEFD9118E22E2F000A8B1E /* Debug */ = {
			isa = XCBuildConfiguration;
			baseConfigurationReference = C797DE249E6D4524991CE9E4 /* Pods-CustomAlert.xcconfig */;
			buildSettings = {
				ASSETCATALOG_COMPILER_APPICON_NAME = AppIcon;
				ASSETCATALOG_COMPILER_LAUNCHIMAGE_NAME = LaunchImage;
				GCC_PRECOMPILE_PREFIX_HEADER = YES;
				GCC_PREFIX_HEADER = "CustomAlert/CustomAlert-Prefix.pch";
				INFOPLIST_FILE = "CustomAlert/CustomAlert-Info.plist";
				PRODUCT_NAME = "$(TARGET_NAME)";
				WRAPPER_EXTENSION = app;
			};
			name = Debug;
		};
		CABEFD9218E22E2F000A8B1E /* Release */ = {
			isa = XCBuildConfiguration;
			baseConfigurationReference = C797DE249E6D4524991CE9E4 /* Pods-CustomAlert.xcconfig */;
			buildSettings = {
				ASSETCATALOG_COMPILER_APPICON_NAME = AppIcon;
				ASSETCATALOG_COMPILER_LAUNCHIMAGE_NAME = LaunchImage;
				GCC_PRECOMPILE_PREFIX_HEADER = YES;
				GCC_PREFIX_HEADER = "CustomAlert/CustomAlert-Prefix.pch";
				INFOPLIST_FILE = "CustomAlert/CustomAlert-Info.plist";
				PRODUCT_NAME = "$(TARGET_NAME)";
				WRAPPER_EXTENSION = app;
			};
			name = Release;
		};
		CABEFD9418E22E2F000A8B1E /* Debug */ = {
			isa = XCBuildConfiguration;
			buildSettings = {
				BUNDLE_LOADER = "$(BUILT_PRODUCTS_DIR)/CustomAlert.app/CustomAlert";
				FRAMEWORK_SEARCH_PATHS = (
					"$(SDKROOT)/Developer/Library/Frameworks",
					"$(inherited)",
					"$(DEVELOPER_FRAMEWORKS_DIR)",
				);
				GCC_PRECOMPILE_PREFIX_HEADER = YES;
				GCC_PREFIX_HEADER = "CustomAlert/CustomAlert-Prefix.pch";
				GCC_PREPROCESSOR_DEFINITIONS = (
					"DEBUG=1",
					"$(inherited)",
				);
				INFOPLIST_FILE = "CustomAlertTests/CustomAlertTests-Info.plist";
				PRODUCT_NAME = "$(TARGET_NAME)";
				TEST_HOST = "$(BUNDLE_LOADER)";
				WRAPPER_EXTENSION = xctest;
			};
			name = Debug;
		};
		CABEFD9518E22E2F000A8B1E /* Release */ = {
			isa = XCBuildConfiguration;
			buildSettings = {
				BUNDLE_LOADER = "$(BUILT_PRODUCTS_DIR)/CustomAlert.app/CustomAlert";
				FRAMEWORK_SEARCH_PATHS = (
					"$(SDKROOT)/Developer/Library/Frameworks",
					"$(inherited)",
					"$(DEVELOPER_FRAMEWORKS_DIR)",
				);
				GCC_PRECOMPILE_PREFIX_HEADER = YES;
				GCC_PREFIX_HEADER = "CustomAlert/CustomAlert-Prefix.pch";
				INFOPLIST_FILE = "CustomAlertTests/CustomAlertTests-Info.plist";
				PRODUCT_NAME = "$(TARGET_NAME)";
				TEST_HOST = "$(BUNDLE_LOADER)";
				WRAPPER_EXTENSION = xctest;
			};
			name = Release;
		};
/* End XCBuildConfiguration section */

/* Begin XCConfigurationList section */
		CABEFD5918E22E2F000A8B1E /* Build configuration list for PBXProject "CustomAlert" */ = {
			isa = XCConfigurationList;
			buildConfigurations = (
				CABEFD8E18E22E2F000A8B1E /* Debug */,
				CABEFD8F18E22E2F000A8B1E /* Release */,
			);
			defaultConfigurationIsVisible = 0;
			defaultConfigurationName = Release;
		};
		CABEFD9018E22E2F000A8B1E /* Build configuration list for PBXNativeTarget "CustomAlert" */ = {
			isa = XCConfigurationList;
			buildConfigurations = (
				CABEFD9118E22E2F000A8B1E /* Debug */,
				CABEFD9218E22E2F000A8B1E /* Release */,
			);
			defaultConfigurationIsVisible = 0;
			defaultConfigurationName = Release;
		};
		CABEFD9318E22E2F000A8B1E /* Build configuration list for PBXNativeTarget "CustomAlertTests" */ = {
			isa = XCConfigurationList;
			buildConfigurations = (
				CABEFD9418E22E2F000A8B1E /* Debug */,
				CABEFD9518E22E2F000A8B1E /* Release */,
			);
			defaultConfigurationIsVisible = 0;
			defaultConfigurationName = Release;
		};
/* End XCConfigurationList section */
	};
	rootObject = CABEFD5618E22E2F000A8B1E /* Project object */;
}
